// !$*UTF8*$!
{
	archiveVersion = 1;
	classes = {
	};
	objectVersion = 50;
	objects = {

/* Begin PBXBuildFile section */
		DD59517E24D596B8002ED4EC /* AppDelegate.swift in Sources */ = {isa = PBXBuildFile; fileRef = DD59517D24D596B8002ED4EC /* AppDelegate.swift */; };
		DD59518024D596B8002ED4EC /* SceneDelegate.swift in Sources */ = {isa = PBXBuildFile; fileRef = DD59517F24D596B8002ED4EC /* SceneDelegate.swift */; };
		DD59518524D596B8002ED4EC /* Main.storyboard in Resources */ = {isa = PBXBuildFile; fileRef = DD59518324D596B8002ED4EC /* Main.storyboard */; };
		DD59518724D596BF002ED4EC /* Assets.xcassets in Resources */ = {isa = PBXBuildFile; fileRef = DD59518624D596BF002ED4EC /* Assets.xcassets */; };
		DD59518A24D596BF002ED4EC /* LaunchScreen.storyboard in Resources */ = {isa = PBXBuildFile; fileRef = DD59518824D596BF002ED4EC /* LaunchScreen.storyboard */; };
		DD59519224D5AC1C002ED4EC /* FirstViewController.swift in Sources */ = {isa = PBXBuildFile; fileRef = DD59519124D5AC1C002ED4EC /* FirstViewController.swift */; };
		DD59519424D5AC3B002ED4EC /* QuizViewController.swift in Sources */ = {isa = PBXBuildFile; fileRef = DD59519324D5AC3B002ED4EC /* QuizViewController.swift */; };
		DD59519624D5AC56002ED4EC /* FinishedViewController.swift in Sources */ = {isa = PBXBuildFile; fileRef = DD59519524D5AC56002ED4EC /* FinishedViewController.swift */; };
		DD59519924D5ADB0002ED4EC /* QuizModel.swift in Sources */ = {isa = PBXBuildFile; fileRef = DD59519824D5ADB0002ED4EC /* QuizModel.swift */; };
/* End PBXBuildFile section */

/* Begin PBXFileReference section */
		DD59517A24D596B8002ED4EC /* TaiLoQuiz.app */ = {isa = PBXFileReference; explicitFileType = wrapper.application; includeInIndex = 0; path = TaiLoQuiz.app; sourceTree = BUILT_PRODUCTS_DIR; };
		DD59517D24D596B8002ED4EC /* AppDelegate.swift */ = {isa = PBXFileReference; lastKnownFileType = sourcecode.swift; path = AppDelegate.swift; sourceTree = "<group>"; };
		DD59517F24D596B8002ED4EC /* SceneDelegate.swift */ = {isa = PBXFileReference; lastKnownFileType = sourcecode.swift; path = SceneDelegate.swift; sourceTree = "<group>"; };
		DD59518424D596B8002ED4EC /* Base */ = {isa = PBXFileReference; lastKnownFileType = file.storyboard; name = Base; path = Base.lproj/Main.storyboard; sourceTree = "<group>"; };
		DD59518624D596BF002ED4EC /* Assets.xcassets */ = {isa = PBXFileReference; lastKnownFileType = folder.assetcatalog; path = Assets.xcassets; sourceTree = "<group>"; };
		DD59518924D596BF002ED4EC /* Base */ = {isa = PBXFileReference; lastKnownFileType = file.storyboard; name = Base; path = Base.lproj/LaunchScreen.storyboard; sourceTree = "<group>"; };
		DD59518B24D596BF002ED4EC /* Info.plist */ = {isa = PBXFileReference; lastKnownFileType = text.plist.xml; path = Info.plist; sourceTree = "<group>"; };
		DD59519124D5AC1C002ED4EC /* FirstViewController.swift */ = {isa = PBXFileReference; lastKnownFileType = sourcecode.swift; path = FirstViewController.swift; sourceTree = "<group>"; };
		DD59519324D5AC3B002ED4EC /* QuizViewController.swift */ = {isa = PBXFileReference; lastKnownFileType = sourcecode.swift; path = QuizViewController.swift; sourceTree = "<group>"; };
		DD59519524D5AC56002ED4EC /* FinishedViewController.swift */ = {isa = PBXFileReference; lastKnownFileType = sourcecode.swift; path = FinishedViewController.swift; sourceTree = "<group>"; };
		DD59519824D5ADB0002ED4EC /* QuizModel.swift */ = {isa = PBXFileReference; lastKnownFileType = sourcecode.swift; path = QuizModel.swift; sourceTree = "<group>"; };
/* End PBXFileReference section */

/* Begin PBXFrameworksBuildPhase section */
		DD59517724D596B7002ED4EC /* Frameworks */ = {
			isa = PBXFrameworksBuildPhase;
			buildActionMask = 2147483647;
			files = (
			);
			runOnlyForDeploymentPostprocessing = 0;
		};
/* End PBXFrameworksBuildPhase section */

/* Begin PBXGroup section */
		DD59517124D596B7002ED4EC = {
			isa = PBXGroup;
			children = (
				DD59517C24D596B8002ED4EC /* TaiLoQuiz */,
				DD59517B24D596B8002ED4EC /* Products */,
			);
			sourceTree = "<group>";
		};
		DD59517B24D596B8002ED4EC /* Products */ = {
			isa = PBXGroup;
			children = (
				DD59517A24D596B8002ED4EC /* TaiLoQuiz.app */,
			);
			name = Products;
			sourceTree = "<group>";
		};
		DD59517C24D596B8002ED4EC /* TaiLoQuiz */ = {
			isa = PBXGroup;
			children = (
				DD59519A24D5ADBA002ED4EC /* Model */,
				DD59519724D5AD79002ED4EC /* ViewController */,
				DD59517D24D596B8002ED4EC /* AppDelegate.swift */,
				DD59518324D596B8002ED4EC /* Main.storyboard */,
				DD59517F24D596B8002ED4EC /* SceneDelegate.swift */,
				DD59518624D596BF002ED4EC /* Assets.xcassets */,
				DD59518824D596BF002ED4EC /* LaunchScreen.storyboard */,
				DD59518B24D596BF002ED4EC /* Info.plist */,
			);
			path = TaiLoQuiz;
			sourceTree = "<group>";
		};
		DD59519724D5AD79002ED4EC /* ViewController */ = {
			isa = PBXGroup;
			children = (
				DD59519124D5AC1C002ED4EC /* FirstViewController.swift */,
				DD59519324D5AC3B002ED4EC /* QuizViewController.swift */,
				DD59519524D5AC56002ED4EC /* FinishedViewController.swift */,
			);
			path = ViewController;
			sourceTree = "<group>";
		};
		DD59519A24D5ADBA002ED4EC /* Model */ = {
			isa = PBXGroup;
			children = (
				DD59519824D5ADB0002ED4EC /* QuizModel.swift */,
			);
			path = Model;
			sourceTree = "<group>";
		};
/* End PBXGroup section */

/* Begin PBXNativeTarget section */
		DD59517924D596B7002ED4EC /* TaiLoQuiz */ = {
			isa = PBXNativeTarget;
			buildConfigurationList = DD59518E24D596BF002ED4EC /* Build configuration list for PBXNativeTarget "TaiLoQuiz" */;
			buildPhases = (
				DD59517624D596B7002ED4EC /* Sources */,
				DD59517724D596B7002ED4EC /* Frameworks */,
				DD59517824D596B7002ED4EC /* Resources */,
			);
			buildRules = (
			);
			dependencies = (
			);
			name = TaiLoQuiz;
			productName = TaiLoQuiz;
			productReference = DD59517A24D596B8002ED4EC /* TaiLoQuiz.app */;
			productType = "com.apple.product-type.application";
		};
/* End PBXNativeTarget section */

/* Begin PBXProject section */
		DD59517224D596B7002ED4EC /* Project object */ = {
			isa = PBXProject;
			attributes = {
				LastSwiftUpdateCheck = 1150;
				LastUpgradeCheck = 1150;
				ORGANIZATIONNAME = tantsunsin;
				TargetAttributes = {
					DD59517924D596B7002ED4EC = {
						CreatedOnToolsVersion = 11.5;
					};
				};
			};
			buildConfigurationList = DD59517524D596B7002ED4EC /* Build configuration list for PBXProject "TaiLoQuiz" */;
			compatibilityVersion = "Xcode 9.3";
			developmentRegion = en;
			hasScannedForEncodings = 0;
			knownRegions = (
				en,
				Base,
			);
			mainGroup = DD59517124D596B7002ED4EC;
			productRefGroup = DD59517B24D596B8002ED4EC /* Products */;
			projectDirPath = "";
			projectRoot = "";
			targets = (
				DD59517924D596B7002ED4EC /* TaiLoQuiz */,
			);
		};
/* End PBXProject section */

/* Begin PBXResourcesBuildPhase section */
		DD59517824D596B7002ED4EC /* Resources */ = {
			isa = PBXResourcesBuildPhase;
			buildActionMask = 2147483647;
			files = (
				DD59518A24D596BF002ED4EC /* LaunchScreen.storyboard in Resources */,
				DD59518724D596BF002ED4EC /* Assets.xcassets in Resources */,
				DD59518524D596B8002ED4EC /* Main.storyboard in Resources */,
			);
			runOnlyForDeploymentPostprocessing = 0;
		};
/* End PBXResourcesBuildPhase section */

/* Begin PBXSourcesBuildPhase section */
		DD59517624D596B7002ED4EC /* Sources */ = {
			isa = PBXSourcesBuildPhase;
			buildActionMask = 2147483647;
			files = (
				DD59519624D5AC56002ED4EC /* FinishedViewController.swift in Sources */,
				DD59519424D5AC3B002ED4EC /* QuizViewController.swift in Sources */,
				DD59517E24D596B8002ED4EC /* AppDelegate.swift in Sources */,
				DD59518024D596B8002ED4EC /* SceneDelegate.swift in Sources */,
				DD59519924D5ADB0002ED4EC /* QuizModel.swift in Sources */,
				DD59519224D5AC1C002ED4EC /* FirstViewController.swift in Sources */,
			);
			runOnlyForDeploymentPostprocessing = 0;
		};
/* End PBXSourcesBuildPhase section */

/* Begin PBXVariantGroup section */
		DD59518324D596B8002ED4EC /* Main.storyboard */ = {
			isa = PBXVariantGroup;
			children = (
				DD59518424D596B8002ED4EC /* Base */,
			);
			name = Main.storyboard;
			sourceTree = "<group>";
		};
		DD59518824D596BF002ED4EC /* LaunchScreen.storyboard */ = {
			isa = PBXVariantGroup;
			children = (
				DD59518924D596BF002ED4EC /* Base */,
			);
			name = LaunchScreen.storyboard;
			sourceTree = "<group>";
		};
/* End PBXVariantGroup section */

/* Begin XCBuildConfiguration section */
		DD59518C24D596BF002ED4EC /* Debug */ = {
			isa = XCBuildConfiguration;
			buildSettings = {
				ALWAYS_SEARCH_USER_PATHS = NO;
				CLANG_ANALYZER_NONNULL = YES;
				CLANG_ANALYZER_NUMBER_OBJECT_CONVERSION = YES_AGGRESSIVE;
				CLANG_CXX_LANGUAGE_STANDARD = "gnu++14";
				CLANG_CXX_LIBRARY = "libc++";
				CLANG_ENABLE_MODULES = YES;
				CLANG_ENABLE_OBJC_ARC = YES;
				CLANG_ENABLE_OBJC_WEAK = YES;
				CLANG_WARN_BLOCK_CAPTURE_AUTORELEASING = YES;
				CLANG_WARN_BOOL_CONVERSION = YES;
				CLANG_WARN_COMMA = YES;
				CLANG_WARN_CONSTANT_CONVERSION = YES;
				CLANG_WARN_DEPRECATED_OBJC_IMPLEMENTATIONS = YES;
				CLANG_WARN_DIRECT_OBJC_ISA_USAGE = YES_ERROR;
				CLANG_WARN_DOCUMENTATION_COMMENTS = YES;
				CLANG_WARN_EMPTY_BODY = YES;
				CLANG_WARN_ENUM_CONVERSION = YES;
				CLANG_WARN_INFINITE_RECURSION = YES;
				CLANG_WARN_INT_CONVERSION = YES;
				CLANG_WARN_NON_LITERAL_NULL_CONVERSION = YES;
				CLANG_WARN_OBJC_IMPLICIT_RETAIN_SELF = YES;
				CLANG_WARN_OBJC_LITERAL_CONVERSION = YES;
				CLANG_WARN_OBJC_ROOT_CLASS = YES_ERROR;
				CLANG_WARN_RANGE_LOOP_ANALYSIS = YES;
				CLANG_WARN_STRICT_PROTOTYPES = YES;
				CLANG_WARN_SUSPICIOUS_MOVE = YES;
				CLANG_WARN_UNGUARDED_AVAILABILITY = YES_AGGRESSIVE;
				CLANG_WARN_UNREACHABLE_CODE = YES;
				CLANG_WARN__DUPLICATE_METHOD_MATCH = YES;
				COPY_PHASE_STRIP = NO;
				DEBUG_INFORMATION_FORMAT = dwarf;
				ENABLE_STRICT_OBJC_MSGSEND = YES;
				ENABLE_TESTABILITY = YES;
				GCC_C_LANGUAGE_STANDARD = gnu11;
				GCC_DYNAMIC_NO_PIC = NO;
				GCC_NO_COMMON_BLOCKS = YES;
				GCC_OPTIMIZATION_LEVEL = 0;
				GCC_PREPROCESSOR_DEFINITIONS = (
					"DEBUG=1",
					"$(inherited)",
				);
				GCC_WARN_64_TO_32_BIT_CONVERSION = YES;
				GCC_WARN_ABOUT_RETURN_TYPE = YES_ERROR;
				GCC_WARN_UNDECLARED_SELECTOR = YES;
				GCC_WARN_UNINITIALIZED_AUTOS = YES_AGGRESSIVE;
				GCC_WARN_UNUSED_FUNCTION = YES;
				GCC_WARN_UNUSED_VARIABLE = YES;
				IPHONEOS_DEPLOYMENT_TARGET = 13.5;
				MTL_ENABLE_DEBUG_INFO = INCLUDE_SOURCE;
				MTL_FAST_MATH = YES;
				ONLY_ACTIVE_ARCH = YES;
				SDKROOT = iphoneos;
				SWIFT_ACTIVE_COMPILATION_CONDITIONS = DEBUG;
				SWIFT_OPTIMIZATION_LEVEL = "-Onone";
			};
			name = Debug;
		};
		DD59518D24D596BF002ED4EC /* Release */ = {
			isa = XCBuildConfiguration;
			buildSettings = {
				ALWAYS_SEARCH_USER_PATHS = NO;
				CLANG_ANALYZER_NONNULL = YES;
				CLANG_ANALYZER_NUMBER_OBJECT_CONVERSION = YES_AGGRESSIVE;
				CLANG_CXX_LANGUAGE_STANDARD = "gnu++14";
				CLANG_CXX_LIBRARY = "libc++";
				CLANG_ENABLE_MODULES = YES;
				CLANG_ENABLE_OBJC_ARC = YES;
				CLANG_ENABLE_OBJC_WEAK = YES;
				CLANG_WARN_BLOCK_CAPTURE_AUTORELEASING = YES;
				CLANG_WARN_BOOL_CONVERSION = YES;
				CLANG_WARN_COMMA = YES;
				CLANG_WARN_CONSTANT_CONVERSION = YES;
				CLANG_WARN_DEPRECATED_OBJC_IMPLEMENTATIONS = YES;
				CLANG_WARN_DIRECT_OBJC_ISA_USAGE = YES_ERROR;
				CLANG_WARN_DOCUMENTATION_COMMENTS = YES;
				CLANG_WARN_EMPTY_BODY = YES;
				CLANG_WARN_ENUM_CONVERSION = YES;
				CLANG_WARN_INFINITE_RECURSION = YES;
				CLANG_WARN_INT_CONVERSION = YES;
				CLANG_WARN_NON_LITERAL_NULL_CONVERSION = YES;
				CLANG_WARN_OBJC_IMPLICIT_RETAIN_SELF = YES;
				CLANG_WARN_OBJC_LITERAL_CONVERSION = YES;
				CLANG_WARN_OBJC_ROOT_CLASS = YES_ERROR;
				CLANG_WARN_RANGE_LOOP_ANALYSIS = YES;
				CLANG_WARN_STRICT_PROTOTYPES = YES;
				CLANG_WARN_SUSPICIOUS_MOVE = YES;
				CLANG_WARN_UNGUARDED_AVAILABILITY = YES_AGGRESSIVE;
				CLANG_WARN_UNREACHABLE_CODE = YES;
				CLANG_WARN__DUPLICATE_METHOD_MATCH = YES;
				COPY_PHASE_STRIP = NO;
				DEBUG_INFORMATION_FORMAT = "dwarf-with-dsym";
				ENABLE_NS_ASSERTIONS = NO;
				ENABLE_STRICT_OBJC_MSGSEND = YES;
				GCC_C_LANGUAGE_STANDARD = gnu11;
				GCC_NO_COMMON_BLOCKS = YES;
				GCC_WARN_64_TO_32_BIT_CONVERSION = YES;
				GCC_WARN_ABOUT_RETURN_TYPE = YES_ERROR;
				GCC_WARN_UNDECLARED_SELECTOR = YES;
				GCC_WARN_UNINITIALIZED_AUTOS = YES_AGGRESSIVE;
				GCC_WARN_UNUSED_FUNCTION = YES;
				GCC_WARN_UNUSED_VARIABLE = YES;
				IPHONEOS_DEPLOYMENT_TARGET = 13.5;
				MTL_ENABLE_DEBUG_INFO = NO;
				MTL_FAST_MATH = YES;
				SDKROOT = iphoneos;
				SWIFT_COMPILATION_MODE = wholemodule;
				SWIFT_OPTIMIZATION_LEVEL = "-O";
				VALIDATE_PRODUCT = YES;
			};
			name = Release;
		};
		DD59518F24D596BF002ED4EC /* Debug */ = {
			isa = XCBuildConfiguration;
			buildSettings = {
				ASSETCATALOG_COMPILER_APPICON_NAME = AppIcon;
				CODE_SIGN_STYLE = Automatic;
				DEVELOPMENT_TEAM = 8RN4KN4PWZ;
				INFOPLIST_FILE = TaiLoQuiz/Info.plist;
				LD_RUNPATH_SEARCH_PATHS = (
					"$(inherited)",
					"@executable_path/Frameworks",
				);
				PRODUCT_BUNDLE_IDENTIFIER = com.remytan.TaiLoQuiz;
				PRODUCT_NAME = "$(TARGET_NAME)";
				SWIFT_VERSION = 5.0;
				TARGETED_DEVICE_FAMILY = "1,2";
			};
			name = Debug;
		};
		DD59519024D596BF002ED4EC /* Release */ = {
			isa = XCBuildConfiguration;
			buildSettings = {
				ASSETCATALOG_COMPILER_APPICON_NAME = AppIcon;
				CODE_SIGN_STYLE = Automatic;
				DEVELOPMENT_TEAM = 8RN4KN4PWZ;
				INFOPLIST_FILE = TaiLoQuiz/Info.plist;
				LD_RUNPATH_SEARCH_PATHS = (
					"$(inherited)",
					"@executable_path/Frameworks",
				);
				PRODUCT_BUNDLE_IDENTIFIER = com.remytan.TaiLoQuiz;
				PRODUCT_NAME = "$(TARGET_NAME)";
				SWIFT_VERSION = 5.0;
				TARGETED_DEVICE_FAMILY = "1,2";
			};
			name = Release;
		};
/* End XCBuildConfiguration section */

/* Begin XCConfigurationList section */
		DD59517524D596B7002ED4EC /* Build configuration list for PBXProject "TaiLoQuiz" */ = {
			isa = XCConfigurationList;
			buildConfigurations = (
				DD59518C24D596BF002ED4EC /* Debug */,
				DD59518D24D596BF002ED4EC /* Release */,
			);
			defaultConfigurationIsVisible = 0;
			defaultConfigurationName = Release;
		};
		DD59518E24D596BF002ED4EC /* Build configuration list for PBXNativeTarget "TaiLoQuiz" */ = {
			isa = XCConfigurationList;
			buildConfigurations = (
				DD59518F24D596BF002ED4EC /* Debug */,
				DD59519024D596BF002ED4EC /* Release */,
			);
			defaultConfigurationIsVisible = 0;
			defaultConfigurationName = Release;
		};
/* End XCConfigurationList section */
	};
	rootObject = DD59517224D596B7002ED4EC /* Project object */;
}
